// !$*UTF8*$!
{
	archiveVersion = 1;
	classes = {
	};
	objectVersion = 48;
	objects = {

/* Begin PBXBuildFile section */
		004EFF0020FACEBB00444E97 /* AppDelegate.swift in Sources */ = {isa = PBXBuildFile; fileRef = 004EFEFF20FACEBB00444E97 /* AppDelegate.swift */; };
		004EFF0220FACEBB00444E97 /* ViewController.swift in Sources */ = {isa = PBXBuildFile; fileRef = 004EFF0120FACEBB00444E97 /* ViewController.swift */; };
		004EFF0520FACEBB00444E97 /* Main.storyboard in Resources */ = {isa = PBXBuildFile; fileRef = 004EFF0320FACEBB00444E97 /* Main.storyboard */; };
		004EFF0720FACEBB00444E97 /* Assets.xcassets in Resources */ = {isa = PBXBuildFile; fileRef = 004EFF0620FACEBB00444E97 /* Assets.xcassets */; };
		004EFF0A20FACEBB00444E97 /* LaunchScreen.storyboard in Resources */ = {isa = PBXBuildFile; fileRef = 004EFF0820FACEBB00444E97 /* LaunchScreen.storyboard */; };
/* End PBXBuildFile section */

/* Begin PBXFileReference section */
		004EFEFC20FACEBB00444E97 /* Exemplo5.app */ = {isa = PBXFileReference; explicitFileType = wrapper.application; includeInIndex = 0; path = Exemplo5.app; sourceTree = BUILT_PRODUCTS_DIR; };
		004EFEFF20FACEBB00444E97 /* AppDelegate.swift */ = {isa = PBXFileReference; lastKnownFileType = sourcecode.swift; path = AppDelegate.swift; sourceTree = "<group>"; };
		004EFF0120FACEBB00444E97 /* ViewController.swift */ = {isa = PBXFileReference; lastKnownFileType = sourcecode.swift; path = ViewController.swift; sourceTree = "<group>"; };
		004EFF0420FACEBB00444E97 /* Base */ = {isa = PBXFileReference; lastKnownFileType = file.storyboard; name = Base; path = Base.lproj/Main.storyboard; sourceTree = "<group>"; };
		004EFF0620FACEBB00444E97 /* Assets.xcassets */ = {isa = PBXFileReference; lastKnownFileType = folder.assetcatalog; path = Assets.xcassets; sourceTree = "<group>"; };
		004EFF0920FACEBB00444E97 /* Base */ = {isa = PBXFileReference; lastKnownFileType = file.storyboard; name = Base; path = Base.lproj/LaunchScreen.storyboard; sourceTree = "<group>"; };
		004EFF0B20FACEBB00444E97 /* Info.plist */ = {isa = PBXFileReference; lastKnownFileType = text.plist.xml; path = Info.plist; sourceTree = "<group>"; };
/* End PBXFileReference section */

/* Begin PBXFrameworksBuildPhase section */
		004EFEF920FACEBB00444E97 /* Frameworks */ = {
			isa = PBXFrameworksBuildPhase;
			buildActionMask = 2147483647;
			files = (
			);
			runOnlyForDeploymentPostprocessing = 0;
		};
/* End PBXFrameworksBuildPhase section */

/* Begin PBXGroup section */
		004EFEF320FACEBB00444E97 = {
			isa = PBXGroup;
			children = (
				004EFEFE20FACEBB00444E97 /* Exemplo5 */,
				004EFEFD20FACEBB00444E97 /* Products */,
			);
			sourceTree = "<group>";
		};
		004EFEFD20FACEBB00444E97 /* Products */ = {
			isa = PBXGroup;
			children = (
				004EFEFC20FACEBB00444E97 /* Exemplo5.app */,
			);
			name = Products;
			sourceTree = "<group>";
		};
		004EFEFE20FACEBB00444E97 /* Exemplo5 */ = {
			isa = PBXGroup;
			children = (
				004EFEFF20FACEBB00444E97 /* AppDelegate.swift */,
				004EFF0120FACEBB00444E97 /* ViewController.swift */,
				004EFF0320FACEBB00444E97 /* Main.storyboard */,
				004EFF0620FACEBB00444E97 /* Assets.xcassets */,
				004EFF0820FACEBB00444E97 /* LaunchScreen.storyboard */,
				004EFF0B20FACEBB00444E97 /* Info.plist */,
			);
			path = Exemplo5;
			sourceTree = "<group>";
		};
/* End PBXGroup section */

/* Begin PBXNativeTarget section */
		004EFEFB20FACEBB00444E97 /* Exemplo5 */ = {
			isa = PBXNativeTarget;
			buildConfigurationList = 004EFF0E20FACEBB00444E97 /* Build configuration list for PBXNativeTarget "Exemplo5" */;
			buildPhases = (
				004EFEF820FACEBB00444E97 /* Sources */,
				004EFEF920FACEBB00444E97 /* Frameworks */,
				004EFEFA20FACEBB00444E97 /* Resources */,
			);
			buildRules = (
			);
			dependencies = (
			);
			name = Exemplo5;
			productName = Exemplo5;
			productReference = 004EFEFC20FACEBB00444E97 /* Exemplo5.app */;
			productType = "com.apple.product-type.application";
		};
/* End PBXNativeTarget section */

/* Begin PBXProject section */
		004EFEF420FACEBB00444E97 /* Project object */ = {
			isa = PBXProject;
			attributes = {
				LastSwiftUpdateCheck = 0920;
				LastUpgradeCheck = 0920;
				ORGANIZATIONNAME = "Silvano Malfatti";
				TargetAttributes = {
					004EFEFB20FACEBB00444E97 = {
						CreatedOnToolsVersion = 9.2;
						ProvisioningStyle = Automatic;
					};
				};
			};
			buildConfigurationList = 004EFEF720FACEBB00444E97 /* Build configuration list for PBXProject "Exemplo5" */;
			compatibilityVersion = "Xcode 8.0";
			developmentRegion = en;
			hasScannedForEncodings = 0;
			knownRegions = (
				en,
				Base,
			);
			mainGroup = 004EFEF320FACEBB00444E97;
			productRefGroup = 004EFEFD20FACEBB00444E97 /* Products */;
			projectDirPath = "";
			projectRoot = "";
			targets = (
				004EFEFB20FACEBB00444E97 /* Exemplo5 */,
			);
		};
/* End PBXProject section */

/* Begin PBXResourcesBuildPhase section */
		004EFEFA20FACEBB00444E97 /* Resources */ = {
			isa = PBXResourcesBuildPhase;
			buildActionMask = 2147483647;
			files = (
				004EFF0A20FACEBB00444E97 /* LaunchScreen.storyboard in Resources */,
				004EFF0720FACEBB00444E97 /* Assets.xcassets in Resources */,
				004EFF0520FACEBB00444E97 /* Main.storyboard in Resources */,
			);
			runOnlyForDeploymentPostprocessing = 0;
		};
/* End PBXResourcesBuildPhase section */

/* Begin PBXSourcesBuildPhase section */
		004EFEF820FACEBB00444E97 /* Sources */ = {
			isa = PBXSourcesBuildPhase;
			buildActionMask = 2147483647;
			files = (
				004EFF0220FACEBB00444E97 /* ViewController.swift in Sources */,
				004EFF0020FACEBB00444E97 /* AppDelegate.swift in Sources */,
			);
			runOnlyForDeploymentPostprocessing = 0;
		};
/* End PBXSourcesBuildPhase section */

/* Begin PBXVariantGroup section */
		004EFF0320FACEBB00444E97 /* Main.storyboard */ = {
			isa = PBXVariantGroup;
			children = (
				004EFF0420FACEBB00444E97 /* Base */,
			);
			name = Main.storyboard;
			sourceTree = "<group>";
		};
		004EFF0820FACEBB00444E97 /* LaunchScreen.storyboard */ = {
			isa = PBXVariantGroup;
			children = (
				004EFF0920FACEBB00444E97 /* Base */,
			);
			name = LaunchScreen.storyboard;
			sourceTree = "<group>";
		};
/* End PBXVariantGroup section */

/* Begin XCBuildConfiguration section */
		004EFF0C20FACEBB00444E97 /* Debug */ = {
			isa = XCBuildConfiguration;
			buildSettings = {
				ALWAYS_SEARCH_USER_PATHS = NO;
				CLANG_ANALYZER_NONNULL = YES;
				CLANG_ANALYZER_NUMBER_OBJECT_CONVERSION = YES_AGGRESSIVE;
				CLANG_CXX_LANGUAGE_STANDARD = "gnu++14";
				CLANG_CXX_LIBRARY = "libc++";
				CLANG_ENABLE_MODULES = YES;
				CLANG_ENABLE_OBJC_ARC = YES;
				CLANG_WARN_BLOCK_CAPTURE_AUTORELEASING = YES;
				CLANG_WARN_BOOL_CONVERSION = YES;
				CLANG_WARN_COMMA = YES;
				CLANG_WARN_CONSTANT_CONVERSION = YES;
				CLANG_WARN_DIRECT_OBJC_ISA_USAGE = YES_ERROR;
				CLANG_WARN_DOCUMENTATION_COMMENTS = YES;
				CLANG_WARN_EMPTY_BODY = YES;
				CLANG_WARN_ENUM_CONVERSION = YES;
				CLANG_WARN_INFINITE_RECURSION = YES;
				CLANG_WARN_INT_CONVERSION = YES;
				CLANG_WARN_NON_LITERAL_NULL_CONVERSION = YES;
				CLANG_WARN_OBJC_LITERAL_CONVERSION = YES;
				CLANG_WARN_OBJC_ROOT_CLASS = YES_ERROR;
				CLANG_WARN_RANGE_LOOP_ANALYSIS = YES;
				CLANG_WARN_STRICT_PROTOTYPES = YES;
				CLANG_WARN_SUSPICIOUS_MOVE = YES;
				CLANG_WARN_UNGUARDED_AVAILABILITY = YES_AGGRESSIVE;
				CLANG_WARN_UNREACHABLE_CODE = YES;
				CLANG_WARN__DUPLICATE_METHOD_MATCH = YES;
				CODE_SIGN_IDENTITY = "iPhone Developer";
				COPY_PHASE_STRIP = NO;
				DEBUG_INFORMATION_FORMAT = dwarf;
				ENABLE_STRICT_OBJC_MSGSEND = YES;
				ENABLE_TESTABILITY = YES;
				GCC_C_LANGUAGE_STANDARD = gnu11;
				GCC_DYNAMIC_NO_PIC = NO;
				GCC_NO_COMMON_BLOCKS = YES;
				GCC_OPTIMIZATION_LEVEL = 0;
				GCC_PREPROCESSOR_DEFINITIONS = (
					"DEBUG=1",
					"$(inherited)",
				);
				GCC_WARN_64_TO_32_BIT_CONVERSION = YES;
				GCC_WARN_ABOUT_RETURN_TYPE = YES_ERROR;
				GCC_WARN_UNDECLARED_SELECTOR = YES;
				GCC_WARN_UNINITIALIZED_AUTOS = YES_AGGRESSIVE;
				GCC_WARN_UNUSED_FUNCTION = YES;
				GCC_WARN_UNUSED_VARIABLE = YES;
				IPHONEOS_DEPLOYMENT_TARGET = 11.2;
				MTL_ENABLE_DEBUG_INFO = YES;
				ONLY_ACTIVE_ARCH = YES;
				SDKROOT = iphoneos;
				SWIFT_ACTIVE_COMPILATION_CONDITIONS = DEBUG;
				SWIFT_OPTIMIZATION_LEVEL = "-Onone";
			};
			name = Debug;
		};
		004EFF0D20FACEBB00444E97 /* Release */ = {
			isa = XCBuildConfiguration;
			buildSettings = {
				ALWAYS_SEARCH_USER_PATHS = NO;
				CLANG_ANALYZER_NONNULL = YES;
				CLANG_ANALYZER_NUMBER_OBJECT_CONVERSION = YES_AGGRESSIVE;
				CLANG_CXX_LANGUAGE_STANDARD = "gnu++14";
				CLANG_CXX_LIBRARY = "libc++";
				CLANG_ENABLE_MODULES = YES;
				CLANG_ENABLE_OBJC_ARC = YES;
				CLANG_WARN_BLOCK_CAPTURE_AUTORELEASING = YES;
				CLANG_WARN_BOOL_CONVERSION = YES;
				CLANG_WARN_COMMA = YES;
				CLANG_WARN_CONSTANT_CONVERSION = YES;
				CLANG_WARN_DIRECT_OBJC_ISA_USAGE = YES_ERROR;
				CLANG_WARN_DOCUMENTATION_COMMENTS = YES;
				CLANG_WARN_EMPTY_BODY = YES;
				CLANG_WARN_ENUM_CONVERSION = YES;
				CLANG_WARN_INFINITE_RECURSION = YES;
				CLANG_WARN_INT_CONVERSION = YES;
				CLANG_WARN_NON_LITERAL_NULL_CONVERSION = YES;
				CLANG_WARN_OBJC_LITERAL_CONVERSION = YES;
				CLANG_WARN_OBJC_ROOT_CLASS = YES_ERROR;
				CLANG_WARN_RANGE_LOOP_ANALYSIS = YES;
				CLANG_WARN_STRICT_PROTOTYPES = YES;
				CLANG_WARN_SUSPICIOUS_MOVE = YES;
				CLANG_WARN_UNGUARDED_AVAILABILITY = YES_AGGRESSIVE;
				CLANG_WARN_UNREACHABLE_CODE = YES;
				CLANG_WARN__DUPLICATE_METHOD_MATCH = YES;
				CODE_SIGN_IDENTITY = "iPhone Developer";
				COPY_PHASE_STRIP = NO;
				DEBUG_INFORMATION_FORMAT = "dwarf-with-dsym";
				ENABLE_NS_ASSERTIONS = NO;
				ENABLE_STRICT_OBJC_MSGSEND = YES;
				GCC_C_LANGUAGE_STANDARD = gnu11;
				GCC_NO_COMMON_BLOCKS = YES;
				GCC_WARN_64_TO_32_BIT_CONVERSION = YES;
				GCC_WARN_ABOUT_RETURN_TYPE = YES_ERROR;
				GCC_WARN_UNDECLARED_SELECTOR = YES;
				GCC_WARN_UNINITIALIZED_AUTOS = YES_AGGRESSIVE;
				GCC_WARN_UNUSED_FUNCTION = YES;
				GCC_WARN_UNUSED_VARIABLE = YES;
				IPHONEOS_DEPLOYMENT_TARGET = 11.2;
				MTL_ENABLE_DEBUG_INFO = NO;
				SDKROOT = iphoneos;
				SWIFT_OPTIMIZATION_LEVEL = "-Owholemodule";
				VALIDATE_PRODUCT = YES;
			};
			name = Release;
		};
		004EFF0F20FACEBB00444E97 /* Debug */ = {
			isa = XCBuildConfiguration;
			buildSettings = {
				ASSETCATALOG_COMPILER_APPICON_NAME = AppIcon;
				CODE_SIGN_STYLE = Automatic;
				DEVELOPMENT_TEAM = GXQD7F98LV;
				INFOPLIST_FILE = Exemplo5/Info.plist;
				LD_RUNPATH_SEARCH_PATHS = "$(inherited) @executable_path/Frameworks";
				PRODUCT_BUNDLE_IDENTIFIER = br.gov.to.tce.Exemplo5;
				PRODUCT_NAME = "$(TARGET_NAME)";
				SWIFT_VERSION = 4.0;
				TARGETED_DEVICE_FAMILY = "1,2";
			};
			name = Debug;
		};
		004EFF1020FACEBB00444E97 /* Release */ = {
			isa = XCBuildConfiguration;
			buildSettings = {
				ASSETCATALOG_COMPILER_APPICON_NAME = AppIcon;
				CODE_SIGN_STYLE = Automatic;
				DEVELOPMENT_TEAM = GXQD7F98LV;
				INFOPLIST_FILE = Exemplo5/Info.plist;
				LD_RUNPATH_SEARCH_PATHS = "$(inherited) @executable_path/Frameworks";
				PRODUCT_BUNDLE_IDENTIFIER = br.gov.to.tce.Exemplo5;
				PRODUCT_NAME = "$(TARGET_NAME)";
				SWIFT_VERSION = 4.0;
				TARGETED_DEVICE_FAMILY = "1,2";
			};
			name = Release;
		};
/* End XCBuildConfiguration section */

/* Begin XCConfigurationList section */
		004EFEF720FACEBB00444E97 /* Build configuration list for PBXProject "Exemplo5" */ = {
			isa = XCConfigurationList;
			buildConfigurations = (
				004EFF0C20FACEBB00444E97 /* Debug */,
				004EFF0D20FACEBB00444E97 /* Release */,
			);
			defaultConfigurationIsVisible = 0;
			defaultConfigurationName = Release;
		};
		004EFF0E20FACEBB00444E97 /* Build configuration list for PBXNativeTarget "Exemplo5" */ = {
			isa = XCConfigurationList;
			buildConfigurations = (
				004EFF0F20FACEBB00444E97 /* Debug */,
				004EFF1020FACEBB00444E97 /* Release */,
			);
			defaultConfigurationIsVisible = 0;
			defaultConfigurationName = Release;
		};
/* End XCConfigurationList section */
	};
	rootObject = 004EFEF420FACEBB00444E97 /* Project object */;
}
